
Microsoft Visual Studio Solution File, Format Version 12.00
# Visual Studio Version 17
VisualStudioVersion = 17.0.32014.148
MinimumVisualStudioVersion = 10.0.40219.1
Project("{FAE04EC0-301F-11D3-BF4B-00C04F79EFBC}") = "SelfLearn", "SelfLearn\SelfLearn.csproj", "{ED017CF6-CF92-4AC7-9978-92FA16471A55}"
EndProject
Global
	GlobalSection(SolutionConfigurationPlatforms) = preSolution
		Debug|Any CPU = Debug|Any CPU
		Release|Any CPU = Release|Any CPU
	EndGlobalSection
	GlobalSection(ProjectConfigurationPlatforms) = postSolution
		{ED017CF6-CF92-4AC7-9978-92FA16471A55}.Debug|Any CPU.ActiveCfg = Debug|Any CPU
		{ED017CF6-CF92-4AC7-9978-92FA16471A55}.Debug|Any CPU.Build.0 = Debug|Any CPU
		{ED017CF6-CF92-4AC7-9978-92FA16471A55}.Release|Any CPU.ActiveCfg = Release|Any CPU
		{ED017CF6-CF92-4AC7-9978-92FA16471A55}.Release|Any CPU.Build.0 = Release|Any CPU
	EndGlobalSection
	GlobalSection(SolutionProperties) = preSolution
		HideSolutionNode = FALSE
	EndGlobalSection
	GlobalSection(ExtensibilityGlobals) = postSolution
		SolutionGuid = {0D92A882-7256-4B74-BCFD-4E7E8689B4B2}
	EndGlobalSection
EndGlobal
